// !$*UTF8*$!
{
	archiveVersion = 1;
	classes = {
	};
	objectVersion = 55;
	objects = {

/* Begin PBXBuildFile section */
		016A92FB27BCB49C00DD5A82 /* LabelCell.swift in Sources */ = {isa = PBXBuildFile; fileRef = 016A92FA27BCB49C00DD5A82 /* LabelCell.swift */; };
		019B729B27B51C6D00CBA73A /* AppDelegate.swift in Sources */ = {isa = PBXBuildFile; fileRef = 019B729A27B51C6D00CBA73A /* AppDelegate.swift */; };
		019B729D27B51C6D00CBA73A /* SceneDelegate.swift in Sources */ = {isa = PBXBuildFile; fileRef = 019B729C27B51C6D00CBA73A /* SceneDelegate.swift */; };
		019B729F27B51C6D00CBA73A /* ViewController.swift in Sources */ = {isa = PBXBuildFile; fileRef = 019B729E27B51C6D00CBA73A /* ViewController.swift */; };
		019B72A227B51C6D00CBA73A /* Main.storyboard in Resources */ = {isa = PBXBuildFile; fileRef = 019B72A027B51C6D00CBA73A /* Main.storyboard */; };
		019B72A427B51C6E00CBA73A /* Assets.xcassets in Resources */ = {isa = PBXBuildFile; fileRef = 019B72A327B51C6E00CBA73A /* Assets.xcassets */; };
		019B72A727B51C6E00CBA73A /* LaunchScreen.storyboard in Resources */ = {isa = PBXBuildFile; fileRef = 019B72A527B51C6E00CBA73A /* LaunchScreen.storyboard */; };
/* End PBXBuildFile section */

/* Begin PBXFileReference section */
		016A92FA27BCB49C00DD5A82 /* LabelCell.swift */ = {isa = PBXFileReference; lastKnownFileType = sourcecode.swift; path = LabelCell.swift; sourceTree = "<group>"; };
		019B729727B51C6D00CBA73A /* CompositionalLayout-MultipleSections.app */ = {isa = PBXFileReference; explicitFileType = wrapper.application; includeInIndex = 0; path = "CompositionalLayout-MultipleSections.app"; sourceTree = BUILT_PRODUCTS_DIR; };
		019B729A27B51C6D00CBA73A /* AppDelegate.swift */ = {isa = PBXFileReference; lastKnownFileType = sourcecode.swift; path = AppDelegate.swift; sourceTree = "<group>"; };
		019B729C27B51C6D00CBA73A /* SceneDelegate.swift */ = {isa = PBXFileReference; lastKnownFileType = sourcecode.swift; path = SceneDelegate.swift; sourceTree = "<group>"; };
		019B729E27B51C6D00CBA73A /* ViewController.swift */ = {isa = PBXFileReference; lastKnownFileType = sourcecode.swift; path = ViewController.swift; sourceTree = "<group>"; };
		019B72A127B51C6D00CBA73A /* Base */ = {isa = PBXFileReference; lastKnownFileType = file.storyboard; name = Base; path = Base.lproj/Main.storyboard; sourceTree = "<group>"; };
		019B72A327B51C6E00CBA73A /* Assets.xcassets */ = {isa = PBXFileReference; lastKnownFileType = folder.assetcatalog; path = Assets.xcassets; sourceTree = "<group>"; };
		019B72A627B51C6E00CBA73A /* Base */ = {isa = PBXFileReference; lastKnownFileType = file.storyboard; name = Base; path = Base.lproj/LaunchScreen.storyboard; sourceTree = "<group>"; };
		019B72A827B51C6E00CBA73A /* Info.plist */ = {isa = PBXFileReference; lastKnownFileType = text.plist.xml; path = Info.plist; sourceTree = "<group>"; };
/* End PBXFileReference section */

/* Begin PBXFrameworksBuildPhase section */
		019B729427B51C6D00CBA73A /* Frameworks */ = {
			isa = PBXFrameworksBuildPhase;
			buildActionMask = 2147483647;
			files = (
			);
			runOnlyForDeploymentPostprocessing = 0;
		};
/* End PBXFrameworksBuildPhase section */

/* Begin PBXGroup section */
		019B728E27B51C6D00CBA73A = {
			isa = PBXGroup;
			children = (
				019B729927B51C6D00CBA73A /* CompositionalLayout-MultipleSections */,
				019B729827B51C6D00CBA73A /* Products */,
			);
			sourceTree = "<group>";
		};
		019B729827B51C6D00CBA73A /* Products */ = {
			isa = PBXGroup;
			children = (
				019B729727B51C6D00CBA73A /* CompositionalLayout-MultipleSections.app */,
			);
			name = Products;
			sourceTree = "<group>";
		};
		019B729927B51C6D00CBA73A /* CompositionalLayout-MultipleSections */ = {
			isa = PBXGroup;
			children = (
				019B729A27B51C6D00CBA73A /* AppDelegate.swift */,
				019B729C27B51C6D00CBA73A /* SceneDelegate.swift */,
				019B729E27B51C6D00CBA73A /* ViewController.swift */,
				016A92FA27BCB49C00DD5A82 /* LabelCell.swift */,
				019B72A027B51C6D00CBA73A /* Main.storyboard */,
				019B72A327B51C6E00CBA73A /* Assets.xcassets */,
				019B72A527B51C6E00CBA73A /* LaunchScreen.storyboard */,
				019B72A827B51C6E00CBA73A /* Info.plist */,
			);
			path = "CompositionalLayout-MultipleSections";
			sourceTree = "<group>";
		};
/* End PBXGroup section */

/* Begin PBXNativeTarget section */
		019B729627B51C6D00CBA73A /* CompositionalLayout-MultipleSections */ = {
			isa = PBXNativeTarget;
			buildConfigurationList = 019B72AB27B51C6E00CBA73A /* Build configuration list for PBXNativeTarget "CompositionalLayout-MultipleSections" */;
			buildPhases = (
				019B729327B51C6D00CBA73A /* Sources */,
				019B729427B51C6D00CBA73A /* Frameworks */,
				019B729527B51C6D00CBA73A /* Resources */,
			);
			buildRules = (
			);
			dependencies = (
			);
			name = "CompositionalLayout-MultipleSections";
			productName = "CompositionalLayout-MultipleSections";
			productReference = 019B729727B51C6D00CBA73A /* CompositionalLayout-MultipleSections.app */;
			productType = "com.apple.product-type.application";
		};
/* End PBXNativeTarget section */

/* Begin PBXProject section */
		019B728F27B51C6D00CBA73A /* Project object */ = {
			isa = PBXProject;
			attributes = {
				BuildIndependentTargetsInParallel = 1;
				LastSwiftUpdateCheck = 1310;
				LastUpgradeCheck = 1310;
				TargetAttributes = {
					019B729627B51C6D00CBA73A = {
						CreatedOnToolsVersion = 13.1;
					};
				};
			};
			buildConfigurationList = 019B729227B51C6D00CBA73A /* Build configuration list for PBXProject "CompositionalLayout-MultipleSections" */;
			compatibilityVersion = "Xcode 13.0";
			developmentRegion = en;
			hasScannedForEncodings = 0;
			knownRegions = (
				en,
				Base,
			);
			mainGroup = 019B728E27B51C6D00CBA73A;
			productRefGroup = 019B729827B51C6D00CBA73A /* Products */;
			projectDirPath = "";
			projectRoot = "";
			targets = (
				019B729627B51C6D00CBA73A /* CompositionalLayout-MultipleSections */,
			);
		};
/* End PBXProject section */

/* Begin PBXResourcesBuildPhase section */
		019B729527B51C6D00CBA73A /* Resources */ = {
			isa = PBXResourcesBuildPhase;
			buildActionMask = 2147483647;
			files = (
				019B72A727B51C6E00CBA73A /* LaunchScreen.storyboard in Resources */,
				019B72A427B51C6E00CBA73A /* Assets.xcassets in Resources */,
				019B72A227B51C6D00CBA73A /* Main.storyboard in Resources */,
			);
			runOnlyForDeploymentPostprocessing = 0;
		};
/* End PBXResourcesBuildPhase section */

/* Begin PBXSourcesBuildPhase section */
		019B729327B51C6D00CBA73A /* Sources */ = {
			isa = PBXSourcesBuildPhase;
			buildActionMask = 2147483647;
			files = (
				019B729F27B51C6D00CBA73A /* ViewController.swift in Sources */,
				019B729B27B51C6D00CBA73A /* AppDelegate.swift in Sources */,
				016A92FB27BCB49C00DD5A82 /* LabelCell.swift in Sources */,
				019B729D27B51C6D00CBA73A /* SceneDelegate.swift in Sources */,
			);
			runOnlyForDeploymentPostprocessing = 0;
		};
/* End PBXSourcesBuildPhase section */

/* Begin PBXVariantGroup section */
		019B72A027B51C6D00CBA73A /* Main.storyboard */ = {
			isa = PBXVariantGroup;
			children = (
				019B72A127B51C6D00CBA73A /* Base */,
			);
			name = Main.storyboard;
			sourceTree = "<group>";
		};
		019B72A527B51C6E00CBA73A /* LaunchScreen.storyboard */ = {
			isa = PBXVariantGroup;
			children = (
				019B72A627B51C6E00CBA73A /* Base */,
			);
			name = LaunchScreen.storyboard;
			sourceTree = "<group>";
		};
/* End PBXVariantGroup section */

/* Begin XCBuildConfiguration section */
		019B72A927B51C6E00CBA73A /* Debug */ = {
			isa = XCBuildConfiguration;
			buildSettings = {
				ALWAYS_SEARCH_USER_PATHS = NO;
				CLANG_ANALYZER_NONNULL = YES;
				CLANG_ANALYZER_NUMBER_OBJECT_CONVERSION = YES_AGGRESSIVE;
				CLANG_CXX_LANGUAGE_STANDARD = "gnu++17";
				CLANG_CXX_LIBRARY = "libc++";
				CLANG_ENABLE_MODULES = YES;
				CLANG_ENABLE_OBJC_ARC = YES;
				CLANG_ENABLE_OBJC_WEAK = YES;
				CLANG_WARN_BLOCK_CAPTURE_AUTORELEASING = YES;
				CLANG_WARN_BOOL_CONVERSION = YES;
				CLANG_WARN_COMMA = YES;
				CLANG_WARN_CONSTANT_CONVERSION = YES;
				CLANG_WARN_DEPRECATED_OBJC_IMPLEMENTATIONS = YES;
				CLANG_WARN_DIRECT_OBJC_ISA_USAGE = YES_ERROR;
				CLANG_WARN_DOCUMENTATION_COMMENTS = YES;
				CLANG_WARN_EMPTY_BODY = YES;
				CLANG_WARN_ENUM_CONVERSION = YES;
				CLANG_WARN_INFINITE_RECURSION = YES;
				CLANG_WARN_INT_CONVERSION = YES;
				CLANG_WARN_NON_LITERAL_NULL_CONVERSION = YES;
				CLANG_WARN_OBJC_IMPLICIT_RETAIN_SELF = YES;
				CLANG_WARN_OBJC_LITERAL_CONVERSION = YES;
				CLANG_WARN_OBJC_ROOT_CLASS = YES_ERROR;
				CLANG_WARN_QUOTED_INCLUDE_IN_FRAMEWORK_HEADER = YES;
				CLANG_WARN_RANGE_LOOP_ANALYSIS = YES;
				CLANG_WARN_STRICT_PROTOTYPES = YES;
				CLANG_WARN_SUSPICIOUS_MOVE = YES;
				CLANG_WARN_UNGUARDED_AVAILABILITY = YES_AGGRESSIVE;
				CLANG_WARN_UNREACHABLE_CODE = YES;
				CLANG_WARN__DUPLICATE_METHOD_MATCH = YES;
				COPY_PHASE_STRIP = NO;
				DEBUG_INFORMATION_FORMAT = dwarf;
				ENABLE_STRICT_OBJC_MSGSEND = YES;
				ENABLE_TESTABILITY = YES;
				GCC_C_LANGUAGE_STANDARD = gnu11;
				GCC_DYNAMIC_NO_PIC = NO;
				GCC_NO_COMMON_BLOCKS = YES;
				GCC_OPTIMIZATION_LEVEL = 0;
				GCC_PREPROCESSOR_DEFINITIONS = (
					"DEBUG=1",
					"$(inherited)",
				);
				GCC_WARN_64_TO_32_BIT_CONVERSION = YES;
				GCC_WARN_ABOUT_RETURN_TYPE = YES_ERROR;
				GCC_WARN_UNDECLARED_SELECTOR = YES;
				GCC_WARN_UNINITIALIZED_AUTOS = YES_AGGRESSIVE;
				GCC_WARN_UNUSED_FUNCTION = YES;
				GCC_WARN_UNUSED_VARIABLE = YES;
				IPHONEOS_DEPLOYMENT_TARGET = 15.0;
				MTL_ENABLE_DEBUG_INFO = INCLUDE_SOURCE;
				MTL_FAST_MATH = YES;
				ONLY_ACTIVE_ARCH = YES;
				SDKROOT = iphoneos;
				SWIFT_ACTIVE_COMPILATION_CONDITIONS = DEBUG;
				SWIFT_OPTIMIZATION_LEVEL = "-Onone";
			};
			name = Debug;
		};
		019B72AA27B51C6E00CBA73A /* Release */ = {
			isa = XCBuildConfiguration;
			buildSettings = {
				ALWAYS_SEARCH_USER_PATHS = NO;
				CLANG_ANALYZER_NONNULL = YES;
				CLANG_ANALYZER_NUMBER_OBJECT_CONVERSION = YES_AGGRESSIVE;
				CLANG_CXX_LANGUAGE_STANDARD = "gnu++17";
				CLANG_CXX_LIBRARY = "libc++";
				CLANG_ENABLE_MODULES = YES;
				CLANG_ENABLE_OBJC_ARC = YES;
				CLANG_ENABLE_OBJC_WEAK = YES;
				CLANG_WARN_BLOCK_CAPTURE_AUTORELEASING = YES;
				CLANG_WARN_BOOL_CONVERSION = YES;
				CLANG_WARN_COMMA = YES;
				CLANG_WARN_CONSTANT_CONVERSION = YES;
				CLANG_WARN_DEPRECATED_OBJC_IMPLEMENTATIONS = YES;
				CLANG_WARN_DIRECT_OBJC_ISA_USAGE = YES_ERROR;
				CLANG_WARN_DOCUMENTATION_COMMENTS = YES;
				CLANG_WARN_EMPTY_BODY = YES;
				CLANG_WARN_ENUM_CONVERSION = YES;
				CLANG_WARN_INFINITE_RECURSION = YES;
				CLANG_WARN_INT_CONVERSION = YES;
				CLANG_WARN_NON_LITERAL_NULL_CONVERSION = YES;
				CLANG_WARN_OBJC_IMPLICIT_RETAIN_SELF = YES;
				CLANG_WARN_OBJC_LITERAL_CONVERSION = YES;
				CLANG_WARN_OBJC_ROOT_CLASS = YES_ERROR;
				CLANG_WARN_QUOTED_INCLUDE_IN_FRAMEWORK_HEADER = YES;
				CLANG_WARN_RANGE_LOOP_ANALYSIS = YES;
				CLANG_WARN_STRICT_PROTOTYPES = YES;
				CLANG_WARN_SUSPICIOUS_MOVE = YES;
				CLANG_WARN_UNGUARDED_AVAILABILITY = YES_AGGRESSIVE;
				CLANG_WARN_UNREACHABLE_CODE = YES;
				CLANG_WARN__DUPLICATE_METHOD_MATCH = YES;
				COPY_PHASE_STRIP = NO;
				DEBUG_INFORMATION_FORMAT = "dwarf-with-dsym";
				ENABLE_NS_ASSERTIONS = NO;
				ENABLE_STRICT_OBJC_MSGSEND = YES;
				GCC_C_LANGUAGE_STANDARD = gnu11;
				GCC_NO_COMMON_BLOCKS = YES;
				GCC_WARN_64_TO_32_BIT_CONVERSION = YES;
				GCC_WARN_ABOUT_RETURN_TYPE = YES_ERROR;
				GCC_WARN_UNDECLARED_SELECTOR = YES;
				GCC_WARN_UNINITIALIZED_AUTOS = YES_AGGRESSIVE;
				GCC_WARN_UNUSED_FUNCTION = YES;
				GCC_WARN_UNUSED_VARIABLE = YES;
				IPHONEOS_DEPLOYMENT_TARGET = 15.0;
				MTL_ENABLE_DEBUG_INFO = NO;
				MTL_FAST_MATH = YES;
				SDKROOT = iphoneos;
				SWIFT_COMPILATION_MODE = wholemodule;
				SWIFT_OPTIMIZATION_LEVEL = "-O";
				VALIDATE_PRODUCT = YES;
			};
			name = Release;
		};
		019B72AC27B51C6E00CBA73A /* Debug */ = {
			isa = XCBuildConfiguration;
			buildSettings = {
				ASSETCATALOG_COMPILER_APPICON_NAME = AppIcon;
				ASSETCATALOG_COMPILER_GLOBAL_ACCENT_COLOR_NAME = AccentColor;
				CODE_SIGN_STYLE = Automatic;
				CURRENT_PROJECT_VERSION = 1;
				DEVELOPMENT_TEAM = QZ34R5HG2K;
				GENERATE_INFOPLIST_FILE = YES;
				INFOPLIST_FILE = "CompositionalLayout-MultipleSections/Info.plist";
				INFOPLIST_KEY_UIApplicationSupportsIndirectInputEvents = YES;
				INFOPLIST_KEY_UILaunchStoryboardName = LaunchScreen;
				INFOPLIST_KEY_UIMainStoryboardFile = Main;
				INFOPLIST_KEY_UISupportedInterfaceOrientations_iPad = "UIInterfaceOrientationPortrait UIInterfaceOrientationPortraitUpsideDown UIInterfaceOrientationLandscapeLeft UIInterfaceOrientationLandscapeRight";
				INFOPLIST_KEY_UISupportedInterfaceOrientations_iPhone = "UIInterfaceOrientationPortrait UIInterfaceOrientationLandscapeLeft UIInterfaceOrientationLandscapeRight";
				LD_RUNPATH_SEARCH_PATHS = (
					"$(inherited)",
					"@executable_path/Frameworks",
				);
				MARKETING_VERSION = 1.0;
				PRODUCT_BUNDLE_IDENTIFIER = "com.rahulthengadi.CompositionalLayout-MultipleSections";
				PRODUCT_NAME = "$(TARGET_NAME)";
				SWIFT_EMIT_LOC_STRINGS = YES;
				SWIFT_VERSION = 5.0;
				TARGETED_DEVICE_FAMILY = "1,2";
			};
			name = Debug;
		};
		019B72AD27B51C6E00CBA73A /* Release */ = {
			isa = XCBuildConfiguration;
			buildSettings = {
				ASSETCATALOG_COMPILER_APPICON_NAME = AppIcon;
				ASSETCATALOG_COMPILER_GLOBAL_ACCENT_COLOR_NAME = AccentColor;
				CODE_SIGN_STYLE = Automatic;
				CURRENT_PROJECT_VERSION = 1;
				DEVELOPMENT_TEAM = QZ34R5HG2K;
				GENERATE_INFOPLIST_FILE = YES;
				INFOPLIST_FILE = "CompositionalLayout-MultipleSections/Info.plist";
				INFOPLIST_KEY_UIApplicationSupportsIndirectInputEvents = YES;
				INFOPLIST_KEY_UILaunchStoryboardName = LaunchScreen;
				INFOPLIST_KEY_UIMainStoryboardFile = Main;
				INFOPLIST_KEY_UISupportedInterfaceOrientations_iPad = "UIInterfaceOrientationPortrait UIInterfaceOrientationPortraitUpsideDown UIInterfaceOrientationLandscapeLeft UIInterfaceOrientationLandscapeRight";
				INFOPLIST_KEY_UISupportedInterfaceOrientations_iPhone = "UIInterfaceOrientationPortrait UIInterfaceOrientationLandscapeLeft UIInterfaceOrientationLandscapeRight";
				LD_RUNPATH_SEARCH_PATHS = (
					"$(inherited)",
					"@executable_path/Frameworks",
				);
				MARKETING_VERSION = 1.0;
				PRODUCT_BUNDLE_IDENTIFIER = "com.rahulthengadi.CompositionalLayout-MultipleSections";
				PRODUCT_NAME = "$(TARGET_NAME)";
				SWIFT_EMIT_LOC_STRINGS = YES;
				SWIFT_VERSION = 5.0;
				TARGETED_DEVICE_FAMILY = "1,2";
			};
			name = Release;
		};
/* End XCBuildConfiguration section */

/* Begin XCConfigurationList section */
		019B729227B51C6D00CBA73A /* Build configuration list for PBXProject "CompositionalLayout-MultipleSections" */ = {
			isa = XCConfigurationList;
			buildConfigurations = (
				019B72A927B51C6E00CBA73A /* Debug */,
				019B72AA27B51C6E00CBA73A /* Release */,
			);
			defaultConfigurationIsVisible = 0;
			defaultConfigurationName = Release;
		};
		019B72AB27B51C6E00CBA73A /* Build configuration list for PBXNativeTarget "CompositionalLayout-MultipleSections" */ = {
			isa = XCConfigurationList;
			buildConfigurations = (
				019B72AC27B51C6E00CBA73A /* Debug */,
				019B72AD27B51C6E00CBA73A /* Release */,
			);
			defaultConfigurationIsVisible = 0;
			defaultConfigurationName = Release;
		};
/* End XCConfigurationList section */
	};
	rootObject = 019B728F27B51C6D00CBA73A /* Project object */;
}
